
Microsoft Visual Studio Solution File, Format Version 12.00
# Visual Studio 15
VisualStudioVersion = 15.0.27004.2005
MinimumVisualStudioVersion = 10.0.40219.1
Project("{2150E333-8FDC-42A3-9474-1A3956D46DE8}") = "src", "src", "{7A1DDAE3-8AD3-4A28-BFD6-A4A9D042E5AA}"
EndProject
Project("{2150E333-8FDC-42A3-9474-1A3956D46DE8}") = "test", "test", "{42794D46-48AA-4C0C-B1B9-DA8E1FE51469}"
EndProject
Project("{2150E333-8FDC-42A3-9474-1A3956D46DE8}") = "apps", "apps", "{D92F410B-D885-4DFB-8F56-9F99D8072D13}"
EndProject
Project("{9A19103F-16F7-4668-BE54-9A1E7A4F7556}") = "Helios.Web.Core", "apps\Helios.Web.Core\Helios.Web.Core.csproj", "{AE168BE9-C748-497F-B544-8CC7281ABE1B}"
EndProject
Project("{9A19103F-16F7-4668-BE54-9A1E7A4F7556}") = "Helios.Web.Host", "apps\Helios.Web.Host\Helios.Web.Host.csproj", "{9740D1BD-94E1-431A-81FA-FAD8BA9EFB7E}"
EndProject
Project("{2150E333-8FDC-42A3-9474-1A3956D46DE8}") = "Helios.Membership", "Helios.Membership", "{2E47034D-BB9D-406B-8BD3-C73360F1CCC0}"
EndProject
Project("{9A19103F-16F7-4668-BE54-9A1E7A4F7556}") = "Helios.Membership.Core", "src\Helios.Membership\Helios.Membership.Core\Helios.Membership.Core.csproj", "{F2B98C28-67A2-4925-924E-3BA1E26F4981}"
EndProject
Project("{9A19103F-16F7-4668-BE54-9A1E7A4F7556}") = "Helios.Membership.Application", "src\Helios.Membership\Helios.Membership.Application\Helios.Membership.Application.csproj", "{7E57DBEA-ED21-4B72-9453-A09AF82A40A7}"
EndProject
Project("{2150E333-8FDC-42A3-9474-1A3956D46DE8}") = "Helios.Zero", "Helios.Zero", "{0FBCA183-9BF9-41B5-9DF2-CD315617F4DB}"
EndProject
Project("{9A19103F-16F7-4668-BE54-9A1E7A4F7556}") = "Helios.Zero.Core", "src\Helios.Zero\Helios.Zero.Core\Helios.Zero.Core.csproj", "{04EE7009-1917-4958-9657-FEE32D856726}"
EndProject
Project("{9A19103F-16F7-4668-BE54-9A1E7A4F7556}") = "Helios.Zero.Application", "src\Helios.Zero\Helios.Zero.Application\Helios.Zero.Application.csproj", "{54BD6939-4356-42AC-9D2E-C87831D25236}"
EndProject
Project("{9A19103F-16F7-4668-BE54-9A1E7A4F7556}") = "Helios.Zero.EntityFrameworkCore", "src\Helios.Zero\Helios.Zero.EntityFrameworkCore\Helios.Zero.EntityFrameworkCore.csproj", "{34869D5F-781B-4F17-8FAC-C8A88E5A98FD}"
EndProject
Project("{9A19103F-16F7-4668-BE54-9A1E7A4F7556}") = "Helios.Zero.Application.Tests", "src\Helios.Zero\Helios.Zero.Application.Tests\Helios.Zero.Application.Tests.csproj", "{BA611C7B-7D1E-4299-8F3F-0E4645607FF9}"
EndProject
Project("{2150E333-8FDC-42A3-9474-1A3956D46DE8}") = "Helios.Customers", "Helios.Customers", "{BDC2C08C-899E-4CD9-A8E4-82AAF3C21806}"
EndProject
Project("{FAE04EC0-301F-11D3-BF4B-00C04F79EFBC}") = "Helios.Customers.Core", "src\Helios.Customers\Helios.Customers.Core\Helios.Customers.Core.csproj", "{DCC378E2-3AC6-40ED-A426-88CE8A5C5C1A}"
EndProject
Global
	GlobalSection(SolutionConfigurationPlatforms) = preSolution
		Debug|Any CPU = Debug|Any CPU
		Release|Any CPU = Release|Any CPU
	EndGlobalSection
	GlobalSection(ProjectConfigurationPlatforms) = postSolution
		{AE168BE9-C748-497F-B544-8CC7281ABE1B}.Debug|Any CPU.ActiveCfg = Debug|Any CPU
		{AE168BE9-C748-497F-B544-8CC7281ABE1B}.Debug|Any CPU.Build.0 = Debug|Any CPU
		{AE168BE9-C748-497F-B544-8CC7281ABE1B}.Release|Any CPU.ActiveCfg = Release|Any CPU
		{AE168BE9-C748-497F-B544-8CC7281ABE1B}.Release|Any CPU.Build.0 = Release|Any CPU
		{9740D1BD-94E1-431A-81FA-FAD8BA9EFB7E}.Debug|Any CPU.ActiveCfg = Debug|Any CPU
		{9740D1BD-94E1-431A-81FA-FAD8BA9EFB7E}.Debug|Any CPU.Build.0 = Debug|Any CPU
		{9740D1BD-94E1-431A-81FA-FAD8BA9EFB7E}.Release|Any CPU.ActiveCfg = Release|Any CPU
		{9740D1BD-94E1-431A-81FA-FAD8BA9EFB7E}.Release|Any CPU.Build.0 = Release|Any CPU
		{F2B98C28-67A2-4925-924E-3BA1E26F4981}.Debug|Any CPU.ActiveCfg = Debug|Any CPU
		{F2B98C28-67A2-4925-924E-3BA1E26F4981}.Debug|Any CPU.Build.0 = Debug|Any CPU
		{F2B98C28-67A2-4925-924E-3BA1E26F4981}.Release|Any CPU.ActiveCfg = Release|Any CPU
		{F2B98C28-67A2-4925-924E-3BA1E26F4981}.Release|Any CPU.Build.0 = Release|Any CPU
		{7E57DBEA-ED21-4B72-9453-A09AF82A40A7}.Debug|Any CPU.ActiveCfg = Debug|Any CPU
		{7E57DBEA-ED21-4B72-9453-A09AF82A40A7}.Debug|Any CPU.Build.0 = Debug|Any CPU
		{7E57DBEA-ED21-4B72-9453-A09AF82A40A7}.Release|Any CPU.ActiveCfg = Release|Any CPU
		{7E57DBEA-ED21-4B72-9453-A09AF82A40A7}.Release|Any CPU.Build.0 = Release|Any CPU
		{04EE7009-1917-4958-9657-FEE32D856726}.Debug|Any CPU.ActiveCfg = Debug|Any CPU
		{04EE7009-1917-4958-9657-FEE32D856726}.Debug|Any CPU.Build.0 = Debug|Any CPU
		{04EE7009-1917-4958-9657-FEE32D856726}.Release|Any CPU.ActiveCfg = Release|Any CPU
		{04EE7009-1917-4958-9657-FEE32D856726}.Release|Any CPU.Build.0 = Release|Any CPU
		{54BD6939-4356-42AC-9D2E-C87831D25236}.Debug|Any CPU.ActiveCfg = Debug|Any CPU
		{54BD6939-4356-42AC-9D2E-C87831D25236}.Debug|Any CPU.Build.0 = Debug|Any CPU
		{54BD6939-4356-42AC-9D2E-C87831D25236}.Release|Any CPU.ActiveCfg = Release|Any CPU
		{54BD6939-4356-42AC-9D2E-C87831D25236}.Release|Any CPU.Build.0 = Release|Any CPU
		{34869D5F-781B-4F17-8FAC-C8A88E5A98FD}.Debug|Any CPU.ActiveCfg = Debug|Any CPU
		{34869D5F-781B-4F17-8FAC-C8A88E5A98FD}.Debug|Any CPU.Build.0 = Debug|Any CPU
		{34869D5F-781B-4F17-8FAC-C8A88E5A98FD}.Release|Any CPU.ActiveCfg = Release|Any CPU
		{34869D5F-781B-4F17-8FAC-C8A88E5A98FD}.Release|Any CPU.Build.0 = Release|Any CPU
		{BA611C7B-7D1E-4299-8F3F-0E4645607FF9}.Debug|Any CPU.ActiveCfg = Debug|Any CPU
		{BA611C7B-7D1E-4299-8F3F-0E4645607FF9}.Debug|Any CPU.Build.0 = Debug|Any CPU
		{BA611C7B-7D1E-4299-8F3F-0E4645607FF9}.Release|Any CPU.ActiveCfg = Release|Any CPU
		{BA611C7B-7D1E-4299-8F3F-0E4645607FF9}.Release|Any CPU.Build.0 = Release|Any CPU
		{DCC378E2-3AC6-40ED-A426-88CE8A5C5C1A}.Debug|Any CPU.ActiveCfg = Debug|Any CPU
		{DCC378E2-3AC6-40ED-A426-88CE8A5C5C1A}.Debug|Any CPU.Build.0 = Debug|Any CPU
		{DCC378E2-3AC6-40ED-A426-88CE8A5C5C1A}.Release|Any CPU.ActiveCfg = Release|Any CPU
		{DCC378E2-3AC6-40ED-A426-88CE8A5C5C1A}.Release|Any CPU.Build.0 = Release|Any CPU
	EndGlobalSection
	GlobalSection(SolutionProperties) = preSolution
		HideSolutionNode = FALSE
	EndGlobalSection
	GlobalSection(NestedProjects) = preSolution
		{AE168BE9-C748-497F-B544-8CC7281ABE1B} = {D92F410B-D885-4DFB-8F56-9F99D8072D13}
		{9740D1BD-94E1-431A-81FA-FAD8BA9EFB7E} = {D92F410B-D885-4DFB-8F56-9F99D8072D13}
		{2E47034D-BB9D-406B-8BD3-C73360F1CCC0} = {7A1DDAE3-8AD3-4A28-BFD6-A4A9D042E5AA}
		{F2B98C28-67A2-4925-924E-3BA1E26F4981} = {2E47034D-BB9D-406B-8BD3-C73360F1CCC0}
		{7E57DBEA-ED21-4B72-9453-A09AF82A40A7} = {2E47034D-BB9D-406B-8BD3-C73360F1CCC0}
		{0FBCA183-9BF9-41B5-9DF2-CD315617F4DB} = {7A1DDAE3-8AD3-4A28-BFD6-A4A9D042E5AA}
		{04EE7009-1917-4958-9657-FEE32D856726} = {0FBCA183-9BF9-41B5-9DF2-CD315617F4DB}
		{54BD6939-4356-42AC-9D2E-C87831D25236} = {0FBCA183-9BF9-41B5-9DF2-CD315617F4DB}
		{34869D5F-781B-4F17-8FAC-C8A88E5A98FD} = {0FBCA183-9BF9-41B5-9DF2-CD315617F4DB}
		{BA611C7B-7D1E-4299-8F3F-0E4645607FF9} = {0FBCA183-9BF9-41B5-9DF2-CD315617F4DB}
		{BDC2C08C-899E-4CD9-A8E4-82AAF3C21806} = {7A1DDAE3-8AD3-4A28-BFD6-A4A9D042E5AA}
		{DCC378E2-3AC6-40ED-A426-88CE8A5C5C1A} = {BDC2C08C-899E-4CD9-A8E4-82AAF3C21806}
	EndGlobalSection
	GlobalSection(ExtensibilityGlobals) = postSolution
		SolutionGuid = {B35DB3BA-546F-4D13-86C4-6F263396B3EB}
	EndGlobalSection
EndGlobal
