
Microsoft Visual Studio Solution File, Format Version 12.00
# Visual Studio 15
VisualStudioVersion = 15.0.27004.2002
MinimumVisualStudioVersion = 10.0.40219.1
Project("{2150E333-8FDC-42A3-9474-1A3956D46DE8}") = "src", "src", "{7A1DDAE3-8AD3-4A28-BFD6-A4A9D042E5AA}"
EndProject
Project("{2150E333-8FDC-42A3-9474-1A3956D46DE8}") = "test", "test", "{42794D46-48AA-4C0C-B1B9-DA8E1FE51469}"
EndProject
Project("{9A19103F-16F7-4668-BE54-9A1E7A4F7556}") = "Helios.Orders", "src\Helios.Orders\Helios.Orders.csproj", "{A8BAE8F7-E2F0-4D70-BB37-768E6A679E5F}"
EndProject
Project("{9A19103F-16F7-4668-BE54-9A1E7A4F7556}") = "Helios.Membership.Tests", "test\Helios.Membership.Tests\Helios.Membership.Tests.csproj", "{C6250CDD-8F05-4C55-AFC0-16F1F16F79B1}"
EndProject
Project("{9A19103F-16F7-4668-BE54-9A1E7A4F7556}") = "Helios.Orders.Tests", "test\Helios.Orders.Tests\Helios.Orders.Tests.csproj", "{53005CB0-753E-4F64-A09B-3D1D7DAD940F}"
EndProject
Project("{9A19103F-16F7-4668-BE54-9A1E7A4F7556}") = "Helios.Membership", "src\Helios.Membership\Helios.Membership.csproj", "{7B432933-01D6-44BE-9AF3-FFBB523C1A5A}"
EndProject
Project("{9A19103F-16F7-4668-BE54-9A1E7A4F7556}") = "Helios.Zero", "src\Helios.Zero\Helios.Zero.csproj", "{8BE96B32-9EFD-4D2A-800B-F0FEB488FFD1}"
EndProject
Project("{9A19103F-16F7-4668-BE54-9A1E7A4F7556}") = "Helios.Zero.Tests", "test\Helios.Zero.Tests\Helios.Zero.Tests.csproj", "{B399CDBF-AFBB-4D54-B9FF-4DEE1E93F34C}"
EndProject
Project("{2150E333-8FDC-42A3-9474-1A3956D46DE8}") = "apps", "apps", "{D92F410B-D885-4DFB-8F56-9F99D8072D13}"
EndProject
Global
	GlobalSection(SolutionConfigurationPlatforms) = preSolution
		Debug|Any CPU = Debug|Any CPU
		Release|Any CPU = Release|Any CPU
	EndGlobalSection
	GlobalSection(ProjectConfigurationPlatforms) = postSolution
		{A8BAE8F7-E2F0-4D70-BB37-768E6A679E5F}.Debug|Any CPU.ActiveCfg = Debug|Any CPU
		{A8BAE8F7-E2F0-4D70-BB37-768E6A679E5F}.Debug|Any CPU.Build.0 = Debug|Any CPU
		{A8BAE8F7-E2F0-4D70-BB37-768E6A679E5F}.Release|Any CPU.ActiveCfg = Release|Any CPU
		{A8BAE8F7-E2F0-4D70-BB37-768E6A679E5F}.Release|Any CPU.Build.0 = Release|Any CPU
		{C6250CDD-8F05-4C55-AFC0-16F1F16F79B1}.Debug|Any CPU.ActiveCfg = Debug|Any CPU
		{C6250CDD-8F05-4C55-AFC0-16F1F16F79B1}.Debug|Any CPU.Build.0 = Debug|Any CPU
		{C6250CDD-8F05-4C55-AFC0-16F1F16F79B1}.Release|Any CPU.ActiveCfg = Release|Any CPU
		{C6250CDD-8F05-4C55-AFC0-16F1F16F79B1}.Release|Any CPU.Build.0 = Release|Any CPU
		{53005CB0-753E-4F64-A09B-3D1D7DAD940F}.Debug|Any CPU.ActiveCfg = Debug|Any CPU
		{53005CB0-753E-4F64-A09B-3D1D7DAD940F}.Debug|Any CPU.Build.0 = Debug|Any CPU
		{53005CB0-753E-4F64-A09B-3D1D7DAD940F}.Release|Any CPU.ActiveCfg = Release|Any CPU
		{53005CB0-753E-4F64-A09B-3D1D7DAD940F}.Release|Any CPU.Build.0 = Release|Any CPU
		{7B432933-01D6-44BE-9AF3-FFBB523C1A5A}.Debug|Any CPU.ActiveCfg = Debug|Any CPU
		{7B432933-01D6-44BE-9AF3-FFBB523C1A5A}.Debug|Any CPU.Build.0 = Debug|Any CPU
		{7B432933-01D6-44BE-9AF3-FFBB523C1A5A}.Release|Any CPU.ActiveCfg = Release|Any CPU
		{7B432933-01D6-44BE-9AF3-FFBB523C1A5A}.Release|Any CPU.Build.0 = Release|Any CPU
		{8BE96B32-9EFD-4D2A-800B-F0FEB488FFD1}.Debug|Any CPU.ActiveCfg = Debug|Any CPU
		{8BE96B32-9EFD-4D2A-800B-F0FEB488FFD1}.Debug|Any CPU.Build.0 = Debug|Any CPU
		{8BE96B32-9EFD-4D2A-800B-F0FEB488FFD1}.Release|Any CPU.ActiveCfg = Release|Any CPU
		{8BE96B32-9EFD-4D2A-800B-F0FEB488FFD1}.Release|Any CPU.Build.0 = Release|Any CPU
		{B399CDBF-AFBB-4D54-B9FF-4DEE1E93F34C}.Debug|Any CPU.ActiveCfg = Debug|Any CPU
		{B399CDBF-AFBB-4D54-B9FF-4DEE1E93F34C}.Debug|Any CPU.Build.0 = Debug|Any CPU
		{B399CDBF-AFBB-4D54-B9FF-4DEE1E93F34C}.Release|Any CPU.ActiveCfg = Release|Any CPU
		{B399CDBF-AFBB-4D54-B9FF-4DEE1E93F34C}.Release|Any CPU.Build.0 = Release|Any CPU
	EndGlobalSection
	GlobalSection(SolutionProperties) = preSolution
		HideSolutionNode = FALSE
	EndGlobalSection
	GlobalSection(NestedProjects) = preSolution
		{A8BAE8F7-E2F0-4D70-BB37-768E6A679E5F} = {7A1DDAE3-8AD3-4A28-BFD6-A4A9D042E5AA}
		{C6250CDD-8F05-4C55-AFC0-16F1F16F79B1} = {42794D46-48AA-4C0C-B1B9-DA8E1FE51469}
		{53005CB0-753E-4F64-A09B-3D1D7DAD940F} = {42794D46-48AA-4C0C-B1B9-DA8E1FE51469}
		{7B432933-01D6-44BE-9AF3-FFBB523C1A5A} = {7A1DDAE3-8AD3-4A28-BFD6-A4A9D042E5AA}
		{8BE96B32-9EFD-4D2A-800B-F0FEB488FFD1} = {7A1DDAE3-8AD3-4A28-BFD6-A4A9D042E5AA}
		{B399CDBF-AFBB-4D54-B9FF-4DEE1E93F34C} = {42794D46-48AA-4C0C-B1B9-DA8E1FE51469}
	EndGlobalSection
	GlobalSection(ExtensibilityGlobals) = postSolution
		SolutionGuid = {B35DB3BA-546F-4D13-86C4-6F263396B3EB}
	EndGlobalSection
EndGlobal
